// !$*UTF8*$!
{
	archiveVersion = 1;
	classes = {
	};
	objectVersion = 77;
	objects = {

/* Begin PBXBuildFile section */
		3AD26E412F33A43F006BAFAF /* SwiftAnthropic in Frameworks */ = {isa = PBXBuildFile; productRef = 3AD26E402F33A43F006BAFAF /* SwiftAnthropic */; };
		3AD26E442F33A451006BAFAF /* DocX in Frameworks */ = {isa = PBXBuildFile; productRef = 3AD26E432F33A451006BAFAF /* DocX */; };
		3AD26E792F34B700006BAFAF /* angle-rfp.app in Frameworks */ = {isa = PBXBuildFile; fileRef = 3AD26DCB2F339F0A006BAFAF /* angle-rfp.app */; };
/* End PBXBuildFile section */

/* Begin PBXContainerItemProxy section */
		3AD26E772F34B600006BAFAF /* PBXContainerItemProxy */ = {
			isa = PBXContainerItemProxy;
			containerPortal = 3AD26DC32F339F0A006BAFAF /* Project object */;
			proxyType = 1;
			remoteGlobalIDString = 3AD26DCA2F339F0A006BAFAF;
			remoteInfo = "angle-rfp";
		};
/* End PBXContainerItemProxy section */

/* Begin PBXFileReference section */
		3AD26DCB2F339F0A006BAFAF /* angle-rfp.app */ = {isa = PBXFileReference; explicitFileType = wrapper.application; includeInIndex = 0; path = "angle-rfp.app"; sourceTree = BUILT_PRODUCTS_DIR; };
		3AD26E702F34B5E4006BAFAF /* angle-rfpTests.xctest */ = {isa = PBXFileReference; explicitFileType = wrapper.cfbundle; includeInIndex = 0; path = "angle-rfpTests.xctest"; sourceTree = BUILT_PRODUCTS_DIR; };
/* End PBXFileReference section */

/* Begin PBXFileSystemSynchronizedRootGroup section */
		3AD26DCD2F339F0A006BAFAF /* angle-rfp */ = {
			isa = PBXFileSystemSynchronizedRootGroup;
			path = "angle-rfp";
			sourceTree = "<group>";
		};
		3AD26E712F34B5E4006BAFAF /* angle-rfpTests */ = {
			isa = PBXFileSystemSynchronizedRootGroup;
			path = "angle-rfpTests";
			sourceTree = "<group>";
		};
/* End PBXFileSystemSynchronizedRootGroup section */

/* Begin PBXFrameworksBuildPhase section */
		3AD26DC82F339F0A006BAFAF /* Frameworks */ = {
			isa = PBXFrameworksBuildPhase;
			buildActionMask = 2147483647;
			files = (
				3AD26E442F33A451006BAFAF /* DocX in Frameworks */,
				3AD26E412F33A43F006BAFAF /* SwiftAnthropic in Frameworks */,
			);
			runOnlyForDeploymentPostprocessing = 0;
		};
		3AD26E6D2F34B5E4006BAFAF /* Frameworks */ = {
			isa = PBXFrameworksBuildPhase;
			buildActionMask = 2147483647;
			files = (
				3AD26E792F34B700006BAFAF /* angle-rfp.app in Frameworks */,
			);
			runOnlyForDeploymentPostprocessing = 0;
		};
/* End PBXFrameworksBuildPhase section */

/* Begin PBXGroup section */
		3AD26DC22F339F0A006BAFAF = {
			isa = PBXGroup;
			children = (
				3AD26DCD2F339F0A006BAFAF /* angle-rfp */,
				3AD26E712F34B5E4006BAFAF /* angle-rfpTests */,
				3AD26DCC2F339F0A006BAFAF /* Products */,
			);
			sourceTree = "<group>";
		};
		3AD26DCC2F339F0A006BAFAF /* Products */ = {
			isa = PBXGroup;
			children = (
				3AD26DCB2F339F0A006BAFAF /* angle-rfp.app */,
				3AD26E702F34B5E4006BAFAF /* angle-rfpTests.xctest */,
			);
			name = Products;
			sourceTree = "<group>";
		};
/* End PBXGroup section */

/* Begin PBXNativeTarget section */
		3AD26DCA2F339F0A006BAFAF /* angle-rfp */ = {
			isa = PBXNativeTarget;
			buildConfigurationList = 3AD26DD62F339F0B006BAFAF /* Build configuration list for PBXNativeTarget "angle-rfp" */;
			buildPhases = (
				3AD26DC72F339F0A006BAFAF /* Sources */,
				3AD26DC82F339F0A006BAFAF /* Frameworks */,
				3AD26DC92F339F0A006BAFAF /* Resources */,
			);
			buildRules = (
			);
			dependencies = (
			);
			fileSystemSynchronizedGroups = (
				3AD26DCD2F339F0A006BAFAF /* angle-rfp */,
			);
			name = "angle-rfp";
			packageProductDependencies = (
				3AD26E402F33A43F006BAFAF /* SwiftAnthropic */,
				3AD26E432F33A451006BAFAF /* DocX */,
			);
			productName = "angle-rfp";
			productReference = 3AD26DCB2F339F0A006BAFAF /* angle-rfp.app */;
			productType = "com.apple.product-type.application";
		};
		3AD26E6F2F34B5E4006BAFAF /* angle-rfpTests */ = {
			isa = PBXNativeTarget;
			buildConfigurationList = 3AD26E742F34B5E4006BAFAF /* Build configuration list for PBXNativeTarget "angle-rfpTests" */;
			buildPhases = (
				3AD26E6C2F34B5E4006BAFAF /* Sources */,
				3AD26E6D2F34B5E4006BAFAF /* Frameworks */,
				3AD26E6E2F34B5E4006BAFAF /* Resources */,
			);
			buildRules = (
			);
			dependencies = (
				3AD26E782F34B600006BAFAF /* PBXTargetDependency */,
			);
			fileSystemSynchronizedGroups = (
				3AD26E712F34B5E4006BAFAF /* angle-rfpTests */,
			);
			name = "angle-rfpTests";
			packageProductDependencies = (
			);
			productName = "angle-rfpTests";
			productReference = 3AD26E702F34B5E4006BAFAF /* angle-rfpTests.xctest */;
			productType = "com.apple.product-type.bundle.unit-test";
		};
/* End PBXNativeTarget section */

/* Begin PBXProject section */
		3AD26DC32F339F0A006BAFAF /* Project object */ = {
			isa = PBXProject;
			attributes = {
				BuildIndependentTargetsInParallel = 1;
				LastSwiftUpdateCheck = 2620;
				LastUpgradeCheck = 2620;
				TargetAttributes = {
					3AD26DCA2F339F0A006BAFAF = {
						CreatedOnToolsVersion = 26.2;
					};
					3AD26E6F2F34B5E4006BAFAF = {
						CreatedOnToolsVersion = 26.2;
					};
				};
			};
			buildConfigurationList = 3AD26DC62F339F0A006BAFAF /* Build configuration list for PBXProject "angle-rfp" */;
			developmentRegion = en;
			hasScannedForEncodings = 0;
			knownRegions = (
				en,
				Base,
			);
			mainGroup = 3AD26DC22F339F0A006BAFAF;
			minimizedProjectReferenceProxies = 1;
			packageReferences = (
				3AD26E3F2F33A43F006BAFAF /* XCRemoteSwiftPackageReference "SwiftAnthropic" */,
				3AD26E422F33A451006BAFAF /* XCRemoteSwiftPackageReference "DocX" */,
			);
			preferredProjectObjectVersion = 77;
			productRefGroup = 3AD26DCC2F339F0A006BAFAF /* Products */;
			projectDirPath = "";
			projectRoot = "";
			targets = (
				3AD26DCA2F339F0A006BAFAF /* angle-rfp */,
				3AD26E6F2F34B5E4006BAFAF /* angle-rfpTests */,
			);
		};
/* End PBXProject section */

/* Begin PBXResourcesBuildPhase section */
		3AD26DC92F339F0A006BAFAF /* Resources */ = {
			isa = PBXResourcesBuildPhase;
			buildActionMask = 2147483647;
			files = (
			);
			runOnlyForDeploymentPostprocessing = 0;
		};
		3AD26E6E2F34B5E4006BAFAF /* Resources */ = {
			isa = PBXResourcesBuildPhase;
			buildActionMask = 2147483647;
			files = (
			);
			runOnlyForDeploymentPostprocessing = 0;
		};
/* End PBXResourcesBuildPhase section */

/* Begin PBXSourcesBuildPhase section */
		3AD26DC72F339F0A006BAFAF /* Sources */ = {
			isa = PBXSourcesBuildPhase;
			buildActionMask = 2147483647;
			files = (
			);
			runOnlyForDeploymentPostprocessing = 0;
		};
		3AD26E6C2F34B5E4006BAFAF /* Sources */ = {
			isa = PBXSourcesBuildPhase;
			buildActionMask = 2147483647;
			files = (
			);
			runOnlyForDeploymentPostprocessing = 0;
		};
/* End PBXSourcesBuildPhase section */

/* Begin PBXTargetDependency section */
		3AD26E782F34B600006BAFAF /* PBXTargetDependency */ = {
			isa = PBXTargetDependency;
			target = 3AD26DCA2F339F0A006BAFAF /* angle-rfp */;
			targetProxy = 3AD26E772F34B600006BAFAF /* PBXContainerItemProxy */;
		};
/* End PBXTargetDependency section */

/* Begin XCBuildConfiguration section */
		3AD26DD42F339F0B006BAFAF /* Debug */ = {
			isa = XCBuildConfiguration;
			buildSettings = {
				ALWAYS_SEARCH_USER_PATHS = NO;
				ASSETCATALOG_COMPILER_GENERATE_SWIFT_ASSET_SYMBOL_EXTENSIONS = YES;
				CLANG_ANALYZER_NONNULL = YES;
				CLANG_ANALYZER_NUMBER_OBJECT_CONVERSION = YES_AGGRESSIVE;
				CLANG_CXX_LANGUAGE_STANDARD = "gnu++20";
				CLANG_ENABLE_MODULES = YES;
				CLANG_ENABLE_OBJC_ARC = YES;
				CLANG_ENABLE_OBJC_WEAK = YES;
				CLANG_WARN_BLOCK_CAPTURE_AUTORELEASING = YES;
				CLANG_WARN_BOOL_CONVERSION = YES;
				CLANG_WARN_COMMA = YES;
				CLANG_WARN_CONSTANT_CONVERSION = YES;
				CLANG_WARN_DEPRECATED_OBJC_IMPLEMENTATIONS = YES;
				CLANG_WARN_DIRECT_OBJC_ISA_USAGE = YES_ERROR;
				CLANG_WARN_DOCUMENTATION_COMMENTS = YES;
				CLANG_WARN_EMPTY_BODY = YES;
				CLANG_WARN_ENUM_CONVERSION = YES;
				CLANG_WARN_INFINITE_RECURSION = YES;
				CLANG_WARN_INT_CONVERSION = YES;
				CLANG_WARN_NON_LITERAL_NULL_CONVERSION = YES;
				CLANG_WARN_OBJC_IMPLICIT_RETAIN_SELF = YES;
				CLANG_WARN_OBJC_LITERAL_CONVERSION = YES;
				CLANG_WARN_OBJC_ROOT_CLASS = YES_ERROR;
				CLANG_WARN_QUOTED_INCLUDE_IN_FRAMEWORK_HEADER = YES;
				CLANG_WARN_RANGE_LOOP_ANALYSIS = YES;
				CLANG_WARN_STRICT_PROTOTYPES = YES;
				CLANG_WARN_SUSPICIOUS_MOVE = YES;
				CLANG_WARN_UNGUARDED_AVAILABILITY = YES_AGGRESSIVE;
				CLANG_WARN_UNREACHABLE_CODE = YES;
				CLANG_WARN__DUPLICATE_METHOD_MATCH = YES;
				COPY_PHASE_STRIP = NO;
				DEBUG_INFORMATION_FORMAT = dwarf;
				ENABLE_STRICT_OBJC_MSGSEND = YES;
				ENABLE_TESTABILITY = YES;
				ENABLE_USER_SCRIPT_SANDBOXING = YES;
				GCC_C_LANGUAGE_STANDARD = gnu17;
				GCC_DYNAMIC_NO_PIC = NO;
				GCC_NO_COMMON_BLOCKS = YES;
				GCC_OPTIMIZATION_LEVEL = 0;
				GCC_PREPROCESSOR_DEFINITIONS = (
					"DEBUG=1",
					"$(inherited)",
				);
				GCC_WARN_64_TO_32_BIT_CONVERSION = YES;
				GCC_WARN_ABOUT_RETURN_TYPE = YES_ERROR;
				GCC_WARN_UNDECLARED_SELECTOR = YES;
				GCC_WARN_UNINITIALIZED_AUTOS = YES_AGGRESSIVE;
				GCC_WARN_UNUSED_FUNCTION = YES;
				GCC_WARN_UNUSED_VARIABLE = YES;
				LOCALIZATION_PREFERS_STRING_CATALOGS = YES;
				MACOSX_DEPLOYMENT_TARGET = 26.2;
				MTL_ENABLE_DEBUG_INFO = INCLUDE_SOURCE;
				MTL_FAST_MATH = YES;
				ONLY_ACTIVE_ARCH = YES;
				SDKROOT = macosx;
				SWIFT_ACTIVE_COMPILATION_CONDITIONS = "DEBUG $(inherited)";
				SWIFT_OPTIMIZATION_LEVEL = "-Onone";
			};
			name = Debug;
		};
		3AD26DD52F339F0B006BAFAF /* Release */ = {
			isa = XCBuildConfiguration;
			buildSettings = {
				ALWAYS_SEARCH_USER_PATHS = NO;
				ASSETCATALOG_COMPILER_GENERATE_SWIFT_ASSET_SYMBOL_EXTENSIONS = YES;
				CLANG_ANALYZER_NONNULL = YES;
				CLANG_ANALYZER_NUMBER_OBJECT_CONVERSION = YES_AGGRESSIVE;
				CLANG_CXX_LANGUAGE_STANDARD = "gnu++20";
				CLANG_ENABLE_MODULES = YES;
				CLANG_ENABLE_OBJC_ARC = YES;
				CLANG_ENABLE_OBJC_WEAK = YES;
				CLANG_WARN_BLOCK_CAPTURE_AUTORELEASING = YES;
				CLANG_WARN_BOOL_CONVERSION = YES;
				CLANG_WARN_COMMA = YES;
				CLANG_WARN_CONSTANT_CONVERSION = YES;
				CLANG_WARN_DEPRECATED_OBJC_IMPLEMENTATIONS = YES;
				CLANG_WARN_DIRECT_OBJC_ISA_USAGE = YES_ERROR;
				CLANG_WARN_DOCUMENTATION_COMMENTS = YES;
				CLANG_WARN_EMPTY_BODY = YES;
				CLANG_WARN_ENUM_CONVERSION = YES;
				CLANG_WARN_INFINITE_RECURSION = YES;
				CLANG_WARN_INT_CONVERSION = YES;
				CLANG_WARN_NON_LITERAL_NULL_CONVERSION = YES;
				CLANG_WARN_OBJC_IMPLICIT_RETAIN_SELF = YES;
				CLANG_WARN_OBJC_LITERAL_CONVERSION = YES;
				CLANG_WARN_OBJC_ROOT_CLASS = YES_ERROR;
				CLANG_WARN_QUOTED_INCLUDE_IN_FRAMEWORK_HEADER = YES;
				CLANG_WARN_RANGE_LOOP_ANALYSIS = YES;
				CLANG_WARN_STRICT_PROTOTYPES = YES;
				CLANG_WARN_SUSPICIOUS_MOVE = YES;
				CLANG_WARN_UNGUARDED_AVAILABILITY = YES_AGGRESSIVE;
				CLANG_WARN_UNREACHABLE_CODE = YES;
				CLANG_WARN__DUPLICATE_METHOD_MATCH = YES;
				COPY_PHASE_STRIP = NO;
				DEBUG_INFORMATION_FORMAT = "dwarf-with-dsym";
				ENABLE_NS_ASSERTIONS = NO;
				ENABLE_STRICT_OBJC_MSGSEND = YES;
				ENABLE_USER_SCRIPT_SANDBOXING = YES;
				GCC_C_LANGUAGE_STANDARD = gnu17;
				GCC_NO_COMMON_BLOCKS = YES;
				GCC_WARN_64_TO_32_BIT_CONVERSION = YES;
				GCC_WARN_ABOUT_RETURN_TYPE = YES_ERROR;
				GCC_WARN_UNDECLARED_SELECTOR = YES;
				GCC_WARN_UNINITIALIZED_AUTOS = YES_AGGRESSIVE;
				GCC_WARN_UNUSED_FUNCTION = YES;
				GCC_WARN_UNUSED_VARIABLE = YES;
				LOCALIZATION_PREFERS_STRING_CATALOGS = YES;
				MACOSX_DEPLOYMENT_TARGET = 26.2;
				MTL_ENABLE_DEBUG_INFO = NO;
				MTL_FAST_MATH = YES;
				SDKROOT = macosx;
				SWIFT_COMPILATION_MODE = wholemodule;
			};
			name = Release;
		};
		3AD26DD72F339F0B006BAFAF /* Debug */ = {
			isa = XCBuildConfiguration;
			buildSettings = {
				ASSETCATALOG_COMPILER_APPICON_NAME = AppIcon;
				ASSETCATALOG_COMPILER_GLOBAL_ACCENT_COLOR_NAME = AccentColor;
				CODE_SIGN_STYLE = Automatic;
				COMBINE_HIDPI_IMAGES = YES;
				CURRENT_PROJECT_VERSION = 1;
				ENABLE_APP_SANDBOX = YES;
				ENABLE_OUTGOING_NETWORK_CONNECTIONS = YES;
				ENABLE_PREVIEWS = YES;
				ENABLE_USER_SELECTED_FILES = readonly;
				GENERATE_INFOPLIST_FILE = YES;
				INFOPLIST_KEY_LSApplicationCategoryType = "public.app-category.business";
				INFOPLIST_KEY_NSHumanReadableCopyright = "(c) 2026 Angle Strategy";
				LD_RUNPATH_SEARCH_PATHS = (
					"$(inherited)",
					"@executable_path/../Frameworks",
				);
				MARKETING_VERSION = 1.0;
				PRODUCT_BUNDLE_IDENTIFIER = com.anglestrategy.anglerfp;
				PRODUCT_NAME = "$(TARGET_NAME)";
				REGISTER_APP_GROUPS = YES;
				STRING_CATALOG_GENERATE_SYMBOLS = YES;
				SWIFT_APPROACHABLE_CONCURRENCY = YES;
				SWIFT_DEFAULT_ACTOR_ISOLATION = MainActor;
				SWIFT_EMIT_LOC_STRINGS = YES;
				SWIFT_UPCOMING_FEATURE_MEMBER_IMPORT_VISIBILITY = YES;
				SWIFT_VERSION = 5.0;
			};
			name = Debug;
		};
		3AD26DD82F339F0B006BAFAF /* Release */ = {
			isa = XCBuildConfiguration;
			buildSettings = {
				ASSETCATALOG_COMPILER_APPICON_NAME = AppIcon;
				ASSETCATALOG_COMPILER_GLOBAL_ACCENT_COLOR_NAME = AccentColor;
				CODE_SIGN_STYLE = Automatic;
				COMBINE_HIDPI_IMAGES = YES;
				CURRENT_PROJECT_VERSION = 1;
				ENABLE_APP_SANDBOX = YES;
				ENABLE_OUTGOING_NETWORK_CONNECTIONS = YES;
				ENABLE_PREVIEWS = YES;
				ENABLE_USER_SELECTED_FILES = readonly;
				GENERATE_INFOPLIST_FILE = YES;
				INFOPLIST_KEY_LSApplicationCategoryType = "public.app-category.business";
				INFOPLIST_KEY_NSHumanReadableCopyright = "(c) 2026 Angle Strategy";
				LD_RUNPATH_SEARCH_PATHS = (
					"$(inherited)",
					"@executable_path/../Frameworks",
				);
				MARKETING_VERSION = 1.0;
				PRODUCT_BUNDLE_IDENTIFIER = com.anglestrategy.anglerfp;
				PRODUCT_NAME = "$(TARGET_NAME)";
				REGISTER_APP_GROUPS = YES;
				STRING_CATALOG_GENERATE_SYMBOLS = YES;
				SWIFT_APPROACHABLE_CONCURRENCY = YES;
				SWIFT_DEFAULT_ACTOR_ISOLATION = MainActor;
				SWIFT_EMIT_LOC_STRINGS = YES;
				SWIFT_UPCOMING_FEATURE_MEMBER_IMPORT_VISIBILITY = YES;
				SWIFT_VERSION = 5.0;
			};
			name = Release;
		};
		3AD26E752F34B5E4006BAFAF /* Debug */ = {
			isa = XCBuildConfiguration;
			buildSettings = {
				CODE_SIGN_STYLE = Automatic;
				CURRENT_PROJECT_VERSION = 1;
				GENERATE_INFOPLIST_FILE = YES;
				MACOSX_DEPLOYMENT_TARGET = 26.2;
				MARKETING_VERSION = 1.0;
				PRODUCT_BUNDLE_IDENTIFIER = com.anglestrategy.anglerfpTests;
				PRODUCT_NAME = "$(TARGET_NAME)";
				SDKROOT = macosx;
				STRING_CATALOG_GENERATE_SYMBOLS = NO;
				SWIFT_APPROACHABLE_CONCURRENCY = YES;
				SWIFT_EMIT_LOC_STRINGS = NO;
				SWIFT_UPCOMING_FEATURE_MEMBER_IMPORT_VISIBILITY = YES;
				SWIFT_VERSION = 5.0;
			};
			name = Debug;
		};
		3AD26E762F34B5E4006BAFAF /* Release */ = {
			isa = XCBuildConfiguration;
			buildSettings = {
				CODE_SIGN_STYLE = Automatic;
				CURRENT_PROJECT_VERSION = 1;
				GENERATE_INFOPLIST_FILE = YES;
				MACOSX_DEPLOYMENT_TARGET = 26.2;
				MARKETING_VERSION = 1.0;
				PRODUCT_BUNDLE_IDENTIFIER = com.anglestrategy.anglerfpTests;
				PRODUCT_NAME = "$(TARGET_NAME)";
				SDKROOT = macosx;
				STRING_CATALOG_GENERATE_SYMBOLS = NO;
				SWIFT_APPROACHABLE_CONCURRENCY = YES;
				SWIFT_EMIT_LOC_STRINGS = NO;
				SWIFT_UPCOMING_FEATURE_MEMBER_IMPORT_VISIBILITY = YES;
				SWIFT_VERSION = 5.0;
				VALIDATE_PRODUCT = YES;
			};
			name = Release;
		};
/* End XCBuildConfiguration section */

/* Begin XCConfigurationList section */
		3AD26DC62F339F0A006BAFAF /* Build configuration list for PBXProject "angle-rfp" */ = {
			isa = XCConfigurationList;
			buildConfigurations = (
				3AD26DD42F339F0B006BAFAF /* Debug */,
				3AD26DD52F339F0B006BAFAF /* Release */,
			);
			defaultConfigurationIsVisible = 0;
			defaultConfigurationName = Release;
		};
		3AD26DD62F339F0B006BAFAF /* Build configuration list for PBXNativeTarget "angle-rfp" */ = {
			isa = XCConfigurationList;
			buildConfigurations = (
				3AD26DD72F339F0B006BAFAF /* Debug */,
				3AD26DD82F339F0B006BAFAF /* Release */,
			);
			defaultConfigurationIsVisible = 0;
			defaultConfigurationName = Release;
		};
		3AD26E742F34B5E4006BAFAF /* Build configuration list for PBXNativeTarget "angle-rfpTests" */ = {
			isa = XCConfigurationList;
			buildConfigurations = (
				3AD26E752F34B5E4006BAFAF /* Debug */,
				3AD26E762F34B5E4006BAFAF /* Release */,
			);
			defaultConfigurationIsVisible = 0;
			defaultConfigurationName = Release;
		};
/* End XCConfigurationList section */

/* Begin XCRemoteSwiftPackageReference section */
		3AD26E3F2F33A43F006BAFAF /* XCRemoteSwiftPackageReference "SwiftAnthropic" */ = {
			isa = XCRemoteSwiftPackageReference;
			repositoryURL = "https://github.com/jamesrochabrun/SwiftAnthropic.git";
			requirement = {
				kind = upToNextMajorVersion;
				minimumVersion = 1.4.0;
			};
		};
		3AD26E422F33A451006BAFAF /* XCRemoteSwiftPackageReference "DocX" */ = {
			isa = XCRemoteSwiftPackageReference;
			repositoryURL = "https://github.com/shinjukunian/DocX.git";
			requirement = {
				kind = upToNextMajorVersion;
				minimumVersion = 0.8.10;
			};
		};
/* End XCRemoteSwiftPackageReference section */

/* Begin XCSwiftPackageProductDependency section */
		3AD26E402F33A43F006BAFAF /* SwiftAnthropic */ = {
			isa = XCSwiftPackageProductDependency;
			package = 3AD26E3F2F33A43F006BAFAF /* XCRemoteSwiftPackageReference "SwiftAnthropic" */;
			productName = SwiftAnthropic;
		};
		3AD26E432F33A451006BAFAF /* DocX */ = {
			isa = XCSwiftPackageProductDependency;
			package = 3AD26E422F33A451006BAFAF /* XCRemoteSwiftPackageReference "DocX" */;
			productName = DocX;
		};
/* End XCSwiftPackageProductDependency section */
	};
	rootObject = 3AD26DC32F339F0A006BAFAF /* Project object */;
}
